# Linux x86_64, CPython 3.12. Install with --require-hashes --no-deps.
# Build tools are installed first from bootstrap.lock.
aiofiles==24.1.0 \
    --hash=sha256:b4ec55f4195e3eb5d7abd1bf7e061763e864dd4954231fb8539a0ef8bb8260e5
annotated-doc==0.0.5 \
    --hash=sha256:117bac03a25ede5df5440e855b32d556049ca169ead221505badf432fed4b101
annotated-types==0.8.0 \
    --hash=sha256:f072f4d804ea359e4eaf198b1af7a8b0943881a87f31bb764f8bf219bb9419e0
antlr4-python3-runtime==4.9.3 \
    --hash=sha256:f224469b4168294902bb1efa80a8bf7855f24c99aef99cbefc1bcd3cce77881b
anyio==4.15.1 \
    --hash=sha256:6152fdbbf9a77fdec97731721bebf7c4c44f7c29b424b0065826173efc7ed101
audioread==3.1.0 \
    --hash=sha256:b30d1df6c5d3de5dcef0fb0e256f6ea17bdcf5f979408df0297d8a408e2971b4
brotli==1.2.0 \
    --hash=sha256:072e7624b1fc4d601036ab3f4f27942ef772887e876beff0301d261210bca97f
build==1.4.0 \
    --hash=sha256:6a07c1b8eb6f2b311b96fcbdbce5dab5fe637ffda0fd83c9cac622e927501596
catalogue==2.0.10 \
    --hash=sha256:58c2de0020aa90f4a2da7dfad161bf7b3b054c86a5f09fcedc0b2b740c109a9f
certifi==2026.7.22 \
    --hash=sha256:62f22742b58a1a33014a2b6b706588a8d7e2a88ae7bd1a6ebe8c992928483775
cffi==2.1.1 \
    --hash=sha256:c1453022f490d2459a11819d83ad1d586e9ff65a12ac3e705ffebd46d3685dcf
cfgv==3.5.0 \
    --hash=sha256:a8dc6b26ad22ff227d2634a65cb388215ce6cc96bbcc5cfde7641ae87e8dacc0
charset-normalizer==3.5.2 \
    --hash=sha256:3d31298449090ab8d47b7b1b2a555ff73cac7ed438a08b7ac160980c7ebed649
chatterbox-tts @ https://codeload.github.com/resemble-ai/chatterbox/tar.gz/5de7a54aa4e5e2baadb0182dde554908b48b85c2 \
    --hash=sha256:003f8c85dcfeb2d91b3a6f97f43b74703d15131e987dfabb7f3d9aee7c0da2cf
click==8.5.0 \
    --hash=sha256:255bc9599cf7748b4b1a446ccc735421bd08a2ae529a8b88597d3de5664ee360
cloudpickle==3.1.2 \
    --hash=sha256:9acb47f6afd73f60dc1df93bb801b472f05ff42fa6c84167d25cb206be1fbf4a
conformer==0.3.2 \
    --hash=sha256:b957faa683e9e75061257f77407318428f2ad0fb5262bfc2e9b55fc2fffdfa03
decorator==5.3.1 \
    --hash=sha256:f47fe6fdbd2edd623ecfe36875d37aba411624e2670dd395dddae1358689bb3c
deprecated==3.0.0 \
    --hash=sha256:58204cf4a7f6270d547af5c278ee7a6bb56045a4b3d8441a1cd11660f41b7939
diffusers==0.29.0 \
    --hash=sha256:4c194d2379644a0f7ef9b4ff12c8cf5de4c6324e811265754f08e2f839b8cedb
distlib==0.4.3 \
    --hash=sha256:4b0ce306c966eb73bc3a7b6abad017c556dadd92c44701562cd528ac7fde4d5b
einops==0.8.2 \
    --hash=sha256:54058201ac7087911181bfec4af6091bb59380360f069276601256a76af08193
fastapi==0.143.0 \
    --hash=sha256:3e9395fd35276425b61b516a31fdd7c77fe2af83e41b4da22e30696fb1304c5d
ffmpy==1.0.0 \
    --hash=sha256:5640e5f0fd03fb6236d0e119b16ccf6522db1c826fdf35dcb87087b60fd7504f
filelock==3.32.3 \
    --hash=sha256:7f0ca4bcc0e181c60dbbd8aa9ab5b120ebb99e4e064e83636340056f833a1f09
fsspec==2026.7.0 \
    --hash=sha256:b57ddbafedfaef7018c1ecab32aa200a9d7ca26b77965f64e48b70061249d279
gradio==6.8.0 \
    --hash=sha256:1ece9f3d075bec3da5a6e69c77fa03ddcf3b14af56a9ca843a499406c2b3afd6
gradio-client==2.2.0 \
    --hash=sha256:090f72106b41ba17dcf1b437db54a7bba4c406244f8b01210d5bf24b2af6a85d
groovy==0.1.2 \
    --hash=sha256:7f7975bab18c729a257a8b1ae9dcd70b7cafb1720481beae47719af57c35fa64
h11==0.16.0 \
    --hash=sha256:63cf8bbe7522de3bf65932fda1d9c2772064ffb3dae62d55932da54b31cb6c86
hf-xet==1.7.0 \
    --hash=sha256:2814a6e999d13464c4d679b788cc5d784eb5a4edfc638a31f10e9a11ab531ef8
httpcore==1.0.9 \
    --hash=sha256:2d400746a40668fc9dec9810239072b40b4484b640a8c38fd654a024c7a1bf55
httpx==0.28.1 \
    --hash=sha256:d909fcccc110f8c7faf814ca82a9a4d816bc5a6dbfea25d6591d6985b8ba59ad
huggingface-hub==1.33.0 \
    --hash=sha256:04e434b06e100eddbce9a6e817d72693a7884b10a79bd67ab48080d5c07eb899
identify==2.6.20 \
    --hash=sha256:6a16b69b93187244e0548cbfd25b3e4a6f9a7a2ad784625c3bec2b8d27b81aaa
idna==3.20 \
    --hash=sha256:ab7ae7122974553370f0bdb919e1a960b2cd1bc1ef0276416d896db81c14582c
importlib-metadata==9.0.1 \
    --hash=sha256:bba5600596a7e21f3eef53281cf28d6a5195634d2f2b78ff9501a3272c6eaab0
jaconv==0.5.0 \
    --hash=sha256:2914114fe761ca49fc7089e25e6ad4a400c26f262ffce84e13b176916b71610a
jinja2==3.1.6 \
    --hash=sha256:85ece4451f492d0c13c5dd7c13a64681a86afae63a5f347908daf103ce6d2f67
joblib==1.6.0 \
    --hash=sha256:3dbbf9f6e4b592a2357b854608e980fe6390d131d7a82f011a377ef2ebef7aba
lazy-loader==0.6 \
    --hash=sha256:77253be3391b06124a0e16105bd663b6c54470af1a9ca8e1cf026f38d58ed056
librosa==0.11.0 \
    --hash=sha256:0b6415c4fd68bff4c29288abe67c6d80b587e0e1e2cfb0aad23e4559504a7fa1
llvmlite==0.50.0 \
    --hash=sha256:d501e5103076b9a14be885d2574dc2f6793171aa54a853d1244e011d476f1399
markdown-it-py==4.2.0 \
    --hash=sha256:9f7ebbcd14fe59494226453aed97c1070d83f8d24b6fc3a3bcf9a38092641c4a
markupsafe==3.0.3 \
    --hash=sha256:d6dd0be5b5b189d31db7cda48b91d7e0a9795f31430b7f271219ab30f1d3ac9d
mdurl==0.1.2 \
    --hash=sha256:84008a41e51615a49fc9966191ff91509e3c40b939176e643fd50a5c2196b8f8
ml-dtypes==0.5.4 \
    --hash=sha256:9ad459e99793fa6e13bd5b7e6792c8f9190b4e5a1b45c63aba14a4d0a7f1d5ff
mpmath==1.3.0 \
    --hash=sha256:a0b2b9fe80bbcd81a6647ff13108738cfb482d481d826cc0e02f5b35e5c88d2c
msgpack==1.2.3 \
    --hash=sha256:ede33b2892ceb976283e009ad12fa1834cfdf1f9c43ee9c97849fc588d00a618
narwhals==2.26.0 \
    --hash=sha256:29326d74f107c347fd1009bd58e38d9f7c7c5b51e6de97bc93dbc325d9038b54
networkx==3.6.1 \
    --hash=sha256:d47fbf302e7d9cbbb9e2555a0d267983d2aa476bac30e90dfbe5669bd57f3762
nodeenv==1.11.0 \
    --hash=sha256:edaa16e6c14d7cf395d75d4bbd5a26390f4dc06501a33b4e76282b02cc688a25
numba==0.68.0 \
    --hash=sha256:51fe913a70fe9a7a0b193757ff977a9e96c82ae936ae388aec8990814fffdf9d
numpy==1.26.4 \
    --hash=sha256:675d61ffbfa78604709862923189bad94014bef562cc35cf61d3a07bba02a7ed
omegaconf==2.3.1 \
    --hash=sha256:3d701d14e9a8828f1edd28bb70b725908b34277cdd72cf7d6a83f94dadc6b6a0
onnx==1.23.2 \
    --hash=sha256:7abf381d278f31ac62487fddedc9dd42da842dce94d5d43536836ee3efdf4a2b
opentelemetry-api==1.45.1 \
    --hash=sha256:b31553efa588ae44bc306f863c785c5333a9ecc091248c6ee68b4b6c87fdedfb
orjson==3.13.0 \
    --hash=sha256:bceadfd314bd238f584fc229a4bbaf0e573597e7a026dec5429fbf29fd66c641
pandas==3.0.6 \
    --hash=sha256:0704044b676496b8350e023b09f174a26772456c974a2b11c36bebb558c9490d
pillow==12.3.0 \
    --hash=sha256:78cb2c6865a35ab8ff8b75fd122f6033b92a62c82801110e48ddd6c936a45d91
platformdirs==4.12.4 \
    --hash=sha256:78bfb9db2a8471ed7eebe3c3c932da413911042994e699b384fbb4493fa872d7
pooch==1.9.0 \
    --hash=sha256:f265597baa9f760d25ceb29d0beb8186c243d6607b0f60b83ecf14078dbc703b
pre-commit==4.6.2 \
    --hash=sha256:e2dde9a75d3bce11bd3831c26d134df00a2803c1d818be6a0383c3dcda25dc4e
protobuf==7.36.2 \
    --hash=sha256:89f23aa53c24553a2416fd4fd1ec06f74fa42b14b546d8883128813f775bbfd2
pycparser==3.1 \
    --hash=sha256:f09d358c840bd147b79e55f2bc494f18ea869dc897f5852a8f5766b74f787882
pydantic==2.14.0 \
    --hash=sha256:15fab1bea6f1dc5003b54fc2ecab230c1fd1dbade2acd4addc52d81e32416d4b
pydantic-core==2.50.0 \
    --hash=sha256:f187030fc3d62c668feb0f09e92852e0eb414d7fcefc4748f2e67d245aade37e
pydub==0.25.1 \
    --hash=sha256:65617e33033874b59d87db603aa1ed450633288aefead953b30bded59cb599a6
pygments==2.21.0 \
    --hash=sha256:2363c69b61c4a97c838da3b130dcd6468f4848992b21a82f2a63ec34377137d9
pykakasi==2.3.0 \
    --hash=sha256:26d21b090048ff45c6a4d8e962426b7951767216008ec30358e8a9d74af77f29
pyloudnorm==0.2.0 \
    --hash=sha256:9bb69afb904f59d007a7f9ba3d75d16fb8aeef35c44d6df822a9f192d69cf13f
pyproject-hooks==1.3.3 \
    --hash=sha256:5fc53fdac9f7bd63fbcdc868fb5f90b4784d78a53a3d3388cd738b807441a20b
python-dateutil==2.9.0.post0 \
    --hash=sha256:a8b2bc7bffae282281c8140a97d3aa9c14da0b136dfe83f850eea9a5f7470427
python-discovery==1.6.1 \
    --hash=sha256:d43fcdef879fe795352bd13ccf8d185ba5a9f86f36cfcd00529f596e737442b3
python-multipart==0.0.32 \
    --hash=sha256:ff6d3f776f16878c894e52e107296ffc890e913c611b1a4ec6c44e2821fe2e23
pytz==2026.5 \
    --hash=sha256:e658af3757f9e26a9d25dd2aff38335acd92bc9104f890a894b2c1ba28311b03
pyyaml==6.0.3 \
    --hash=sha256:ba1cc08a7ccde2d2ec775841541641e4548226580ab850948cbfda66a1befcdc
regex==2026.9.29 \
    --hash=sha256:39ab5894d971f9ac68baa6eca5c50387db579cfcacf36ae8df3feceb1815e6d0
requests==2.34.2 \
    --hash=sha256:2a0d60c172f83ac6ab31e4554906c0f3b3588d37b5cb939b1c061f4907e278e0
resemble-perth @ https://codeload.github.com/resemble-ai/Perth/tar.gz/ff1c8ac55a976971245cdd53c18d6131ca00d993 \
    --hash=sha256:00e89ff833f7efc1a0ae0ca3c5420ae108b9adbed9c0fb7b03750b854d30f149
rich==15.0.0 \
    --hash=sha256:33bd4ef74232fb73fe9279a257718407f169c09b78a87ad3d296f548e27de0bb
s3tokenizer==0.3.0 \
    --hash=sha256:c9e93b1892a124a2c4d958ab53610a1b4433fcb4172056e2f2bd3c09cfe249a6
safehttpx==0.1.7 \
    --hash=sha256:c4f4a162db6993464d7ca3d7cc4af0ffc6515a606dfd220b9f82c6945d869cde
safetensors==0.5.3 \
    --hash=sha256:cead1fa41fc54b1e61089fa57452e8834f798cb1dc7a09ba3524f1eb08e0317a
scikit-learn==1.9.1 \
    --hash=sha256:e5d7b18a5b9dca241a74695f3275fa4c895a9dadc72b3d8df5fa9d1083c9b83e
scipy==1.17.1 \
    --hash=sha256:02ae3b274fde71c5e92ac4d54bc06c42d80e399fec704383dcd99b301df37458
semantic-version==2.10.0 \
    --hash=sha256:de78a3b8e0feda74cabc54aab2da702113e33ac9d9eb9d2389bcf1f58b7d9177
shellingham==1.5.4 \
    --hash=sha256:7ecfff8f2fd72616f7481040475a65b2bf8af90a56c89140852d1120324e8686
six==1.17.0 \
    --hash=sha256:4721f391ed90541fddacab5acf947aa0d3dc7d27b2e1e8eda2be8970586c3274
soundfile==0.14.0 \
    --hash=sha256:1e38bac1853412871318e82a1ba69a8be677619b56025bbfcccdb41b6cafe82d
soxr==1.1.0 \
    --hash=sha256:3b033078e86f3c4a658e5697fac8995764fad9e799563616b630136b613167f1
spacy-pkuseg==1.0.1 \
    --hash=sha256:ffb982053b2af6c3f1475e77d66f053f0df253e0ed6ec9a3ed6e5df4a8a8896f
srsly==2.5.4 \
    --hash=sha256:bb463e076e5efe61784c439493dc012e27fd05b4ddcf78f3353345c5d7e462c3
starlette==0.52.1 \
    --hash=sha256:0029d43eb3d273bc4f83a08720b4912ea4b071087a3b48db01b7c839f7954d74
sympy==1.13.1 \
    --hash=sha256:db36cdc64bf61b9b24578b6f7bab1ecdd2452cf008f34faa33776680c26d66f8
threadpoolctl==3.7.0 \
    --hash=sha256:cd8b60b5641b45c67bbf73c64c843235fc2d8a480c87389f52f5dbee893b86be
tokenizers==0.22.2 \
    --hash=sha256:369cc9fc8cc10cb24143873a0d95438bb8ee257bb80c71989e3ee290e8d72c67
tomlkit==0.13.3 \
    --hash=sha256:c89c649d79ee40629a9fda55f8ace8c6a1b42deb912b2a8fd8d942ddadb606b0
torch @ https://download-r2.pytorch.org/whl/cpu/torch-2.6.0%2Bcpu-cp312-cp312-linux_x86_64.whl \
    --hash=sha256:59e78aa0c690f70734e42670036d6b541930b8eabbaa18d94e090abf14cc4d91
torchaudio @ https://download-r2.pytorch.org/whl/cpu/torchaudio-2.6.0%2Bcpu-cp312-cp312-linux_x86_64.whl \
    --hash=sha256:dfb1ae1d7da1e869a6a6a315cc2b2652c43e3aabb5184da4d363d1b4bb2c86a4
tqdm==4.70.1 \
    --hash=sha256:c293e525e6fef9c20e8728fd4612df02a0aa31bb5fe91ecd93e123b1b7bffa73
transformers==5.2.0 \
    --hash=sha256:9ecaf243dc45bee11a7d93f8caf03746accc0cb069181bbf4ad8566c53e854b4
typer==0.27.3 \
    --hash=sha256:e50022f28b82a86313e54501317a1db64bf8f8d036ff8cfe5ca7e47675454aff
typer-slim==0.24.0 \
    --hash=sha256:d5d7ee1ee2834d5020c7c616ed5e0d0f29b9a4b1dd283bdebae198ec09778d0e
typing-extensions==4.16.0 \
    --hash=sha256:481caa481374e813c1b176ada14e97f1f67a4539ce9cfeb3f350d78d6370c2e8
typing-inspection==0.4.4 \
    --hash=sha256:65b8397ba37ccbce054456aaccddfc91e6e3083c92824df348d96ca832f3f147
urllib3==2.8.0 \
    --hash=sha256:0cf3cae568d36aa9576b28dfb35f11328f1cb974ca7647d9475ebb86c75ac6e3
uvicorn==0.54.0 \
    --hash=sha256:505bdb0f318731d45f1f712071fc781a8981f6847a31c902c9f5e652d4f67faf
virtualenv==21.14.6 \
    --hash=sha256:eb1a20c5878569b69667f6a1af03458a8512b3afa7be771a2dafe92fdca05bb9
wrapt==2.5.0 \
    --hash=sha256:0cabb9c17ab79b2549d1f23b36f436473ad9253ef53995a817feba26fae69d5b
zipp==4.1.1 \
    --hash=sha256:8979f52d874162f485ff2981e3891f3a3317b7a3dd43ff1e1775b9304f307a9c
